
Microsoft Visual Studio Solution File, Format Version 12.00
# Visual Studio Version 16
VisualStudioVersion = 16.0.30517.126
MinimumVisualStudioVersion = 10.0.40219.1
Project("{FAE04EC0-301F-11D3-BF4B-00C04F79EFBC}") = "HotKey", "HotKey\HotKey.csproj", "{2A8B7FFA-7ED8-440E-92AA-EB2D735A6BD3}"
EndProject
Project("{FAE04EC0-301F-11D3-BF4B-00C04F79EFBC}") = "UdpLib", "UdpLib\UdpLib.csproj", "{03D1374F-7DC9-48F3-A464-7E89F13C972B}"
EndProject
Project("{FAE04EC0-301F-11D3-BF4B-00C04F79EFBC}") = "HotKeyAgent", "HotKeyAgent\HotKeyAgent.csproj", "{70CD0DCA-88EF-46A8-A072-AD0413B794C0}"
EndProject
Global
	GlobalSection(SolutionConfigurationPlatforms) = preSolution
		Debug|Any CPU = Debug|Any CPU
		Release|Any CPU = Release|Any CPU
	EndGlobalSection
	GlobalSection(ProjectConfigurationPlatforms) = postSolution
		{2A8B7FFA-7ED8-440E-92AA-EB2D735A6BD3}.Debug|Any CPU.ActiveCfg = Debug|Any CPU
		{2A8B7FFA-7ED8-440E-92AA-EB2D735A6BD3}.Debug|Any CPU.Build.0 = Debug|Any CPU
		{2A8B7FFA-7ED8-440E-92AA-EB2D735A6BD3}.Release|Any CPU.ActiveCfg = Release|Any CPU
		{2A8B7FFA-7ED8-440E-92AA-EB2D735A6BD3}.Release|Any CPU.Build.0 = Release|Any CPU
		{03D1374F-7DC9-48F3-A464-7E89F13C972B}.Debug|Any CPU.ActiveCfg = Debug|Any CPU
		{03D1374F-7DC9-48F3-A464-7E89F13C972B}.Debug|Any CPU.Build.0 = Debug|Any CPU
		{03D1374F-7DC9-48F3-A464-7E89F13C972B}.Release|Any CPU.ActiveCfg = Release|Any CPU
		{03D1374F-7DC9-48F3-A464-7E89F13C972B}.Release|Any CPU.Build.0 = Release|Any CPU
		{70CD0DCA-88EF-46A8-A072-AD0413B794C0}.Debug|Any CPU.ActiveCfg = Debug|Any CPU
		{70CD0DCA-88EF-46A8-A072-AD0413B794C0}.Debug|Any CPU.Build.0 = Debug|Any CPU
		{70CD0DCA-88EF-46A8-A072-AD0413B794C0}.Release|Any CPU.ActiveCfg = Release|Any CPU
		{70CD0DCA-88EF-46A8-A072-AD0413B794C0}.Release|Any CPU.Build.0 = Release|Any CPU
	EndGlobalSection
	GlobalSection(SolutionProperties) = preSolution
		HideSolutionNode = FALSE
	EndGlobalSection
	GlobalSection(ExtensibilityGlobals) = postSolution
		SolutionGuid = {F9386F87-B3DE-4AE3-8A3E-F819FB3444FE}
	EndGlobalSection
EndGlobal
